
Microsoft Visual Studio Solution File, Format Version 12.00
# Visual Studio Version 16
VisualStudioVersion = 16.0.31320.298
MinimumVisualStudioVersion = 10.0.40219.1
Project("{9A19103F-16F7-4668-BE54-9A1E7A4F7556}") = "CryptoDashboardBlazor.Client", "Client\CryptoDashboardBlazor.Client.csproj", "{7D1D8922-EC35-4675-A11D-34C5228D13B1}"
EndProject
Project("{9A19103F-16F7-4668-BE54-9A1E7A4F7556}") = "CryptoDashboardBlazor.Data", "Data\CryptoDashboardBlazor.Data.csproj", "{35587A5E-D402-4C41-A314-941E8DC6DC9E}"
EndProject
Project("{9A19103F-16F7-4668-BE54-9A1E7A4F7556}") = "CryptoDashboardBlazor.Test", "Test\CryptoDashboardBlazor.Test.csproj", "{1C0A2798-3BCB-41D4-8D2C-091F56BF101F}"
EndProject
Global
	GlobalSection(SolutionConfigurationPlatforms) = preSolution
		Debug|Any CPU = Debug|Any CPU
		Release|Any CPU = Release|Any CPU
	EndGlobalSection
	GlobalSection(ProjectConfigurationPlatforms) = postSolution
		{7D1D8922-EC35-4675-A11D-34C5228D13B1}.Debug|Any CPU.ActiveCfg = Debug|Any CPU
		{7D1D8922-EC35-4675-A11D-34C5228D13B1}.Debug|Any CPU.Build.0 = Debug|Any CPU
		{7D1D8922-EC35-4675-A11D-34C5228D13B1}.Release|Any CPU.ActiveCfg = Release|Any CPU
		{7D1D8922-EC35-4675-A11D-34C5228D13B1}.Release|Any CPU.Build.0 = Release|Any CPU
		{35587A5E-D402-4C41-A314-941E8DC6DC9E}.Debug|Any CPU.ActiveCfg = Debug|Any CPU
		{35587A5E-D402-4C41-A314-941E8DC6DC9E}.Debug|Any CPU.Build.0 = Debug|Any CPU
		{35587A5E-D402-4C41-A314-941E8DC6DC9E}.Release|Any CPU.ActiveCfg = Release|Any CPU
		{35587A5E-D402-4C41-A314-941E8DC6DC9E}.Release|Any CPU.Build.0 = Release|Any CPU
		{1C0A2798-3BCB-41D4-8D2C-091F56BF101F}.Debug|Any CPU.ActiveCfg = Debug|Any CPU
		{1C0A2798-3BCB-41D4-8D2C-091F56BF101F}.Debug|Any CPU.Build.0 = Debug|Any CPU
		{1C0A2798-3BCB-41D4-8D2C-091F56BF101F}.Release|Any CPU.ActiveCfg = Release|Any CPU
		{1C0A2798-3BCB-41D4-8D2C-091F56BF101F}.Release|Any CPU.Build.0 = Release|Any CPU
	EndGlobalSection
	GlobalSection(SolutionProperties) = preSolution
		HideSolutionNode = FALSE
	EndGlobalSection
	GlobalSection(ExtensibilityGlobals) = postSolution
		SolutionGuid = {211D16C3-AFB3-4F76-BF75-BC54EA4FF9F6}
	EndGlobalSection
EndGlobal
